
Microsoft Visual Studio Solution File, Format Version 12.00
# Visual Studio Version 17
VisualStudioVersion = 17.0.31903.59
MinimumVisualStudioVersion = 10.0.40219.1
Project("{2150E333-8FDC-42A3-9474-1A3956D46DE8}") = "CoreLibraryMod", "CoreLibraryMod", "{4312BD19-FB0B-E54B-B079-527CC7C72674}"
EndProject
Project("{FAE04EC0-301F-11D3-BF4B-00C04F79EFBC}") = "CoreLibrary", "CoreLibraryMod\CoreLibrary\CoreLibrary.csproj", "{318F865A-DBC4-4EDB-B3A9-2ECD9123F32D}"
EndProject
Project("{FAE04EC0-301F-11D3-BF4B-00C04F79EFBC}") = "ModCore.Common", "C:\Users\Michael\core\sources\ModCore.Common\ModCore.Common.csproj", "{C92A829D-349D-4876-B1EF-3158F12FB974}"
EndProject
Project("{2150E333-8FDC-42A3-9474-1A3956D46DE8}") = "DCShaderCoreMod", "DCShaderCoreMod", "{8ACE04B0-692B-EBCF-8047-C7A430ED7C30}"
EndProject
Project("{FAE04EC0-301F-11D3-BF4B-00C04F79EFBC}") = "DCShaderCoreMod", "DCShaderCoreMod\DCShaderCoreMod\DCShaderCoreMod.csproj", "{8F389DCF-01C6-43E9-A667-D6D890FB2423}"
EndProject
Project("{2150E333-8FDC-42A3-9474-1A3956D46DE8}") = "DebugMod", "DebugMod", "{480098C0-8FE9-3DD8-F4AE-6496AE6F0B23}"
EndProject
Project("{FAE04EC0-301F-11D3-BF4B-00C04F79EFBC}") = "DebugMod", "DebugMod\DebugMod\DebugMod.csproj", "{5E94EE90-00BC-43A6-B944-3C2493210D8C}"
EndProject
Project("{2150E333-8FDC-42A3-9474-1A3956D46DE8}") = "MoreSettingsMod", "MoreSettingsMod", "{F826CE98-5599-4EBC-4979-772FBCE1CF10}"
EndProject
Project("{FAE04EC0-301F-11D3-BF4B-00C04F79EFBC}") = "MoreSettings", "MoreSettingsMod\MoreSettings\MoreSettings.csproj", "{9F8BBA98-E597-4A02-9CBC-0AF445BF1AF2}"
EndProject
Project("{2150E333-8FDC-42A3-9474-1A3956D46DE8}") = "EnemiesVsEnemies", "EnemiesVsEnemies", "{BC49ABE2-6367-BF94-1720-B143A89108A5}"
EndProject
Project("{FAE04EC0-301F-11D3-BF4B-00C04F79EFBC}") = "EnemiesVsEnemies", "EnemiesVsEnemies\EnemiesVsEnemies\EnemiesVsEnemies.csproj", "{2A510C46-4B93-49F9-844E-F4DE39808591}"
EndProject
Project("{2150E333-8FDC-42A3-9474-1A3956D46DE8}") = "ShaderMod", "ShaderMod", "{00F774B1-EC90-57BA-4DEB-210A7745FD9A}"
EndProject
Project("{FAE04EC0-301F-11D3-BF4B-00C04F79EFBC}") = "ShaderTest", "ShaderMod\ShaderTest\ShaderTest.csproj", "{FA241141-1A5C-407B-965C-110A67B15FB2}"
EndProject
Project("{2150E333-8FDC-42A3-9474-1A3956D46DE8}") = "DeadCellsMultiplayerX", "DeadCellsMultiplayerX", "{3D471990-9494-D8E7-5987-1C2987FAC4D0}"
EndProject
Project("{FAE04EC0-301F-11D3-BF4B-00C04F79EFBC}") = "DeadCellsMultiplayerX", "DeadCellsMultiplayerX\DeadCellsMultiplayerX\DeadCellsMultiplayerX.csproj", "{E4328801-B20D-4190-B73C-46EC31F682DD}"
EndProject
Global
	GlobalSection(SolutionConfigurationPlatforms) = preSolution
		Debug|Any CPU = Debug|Any CPU
		Debug|x64 = Debug|x64
		Debug|x86 = Debug|x86
		Release|Any CPU = Release|Any CPU
		Release|x64 = Release|x64
		Release|x86 = Release|x86
	EndGlobalSection
	GlobalSection(ProjectConfigurationPlatforms) = postSolution
		{318F865A-DBC4-4EDB-B3A9-2ECD9123F32D}.Debug|Any CPU.ActiveCfg = Debug|Any CPU
		{318F865A-DBC4-4EDB-B3A9-2ECD9123F32D}.Debug|Any CPU.Build.0 = Debug|Any CPU
		{318F865A-DBC4-4EDB-B3A9-2ECD9123F32D}.Debug|x64.ActiveCfg = Debug|Any CPU
		{318F865A-DBC4-4EDB-B3A9-2ECD9123F32D}.Debug|x64.Build.0 = Debug|Any CPU
		{318F865A-DBC4-4EDB-B3A9-2ECD9123F32D}.Debug|x86.ActiveCfg = Debug|Any CPU
		{318F865A-DBC4-4EDB-B3A9-2ECD9123F32D}.Debug|x86.Build.0 = Debug|Any CPU
		{318F865A-DBC4-4EDB-B3A9-2ECD9123F32D}.Release|Any CPU.ActiveCfg = Release|Any CPU
		{318F865A-DBC4-4EDB-B3A9-2ECD9123F32D}.Release|Any CPU.Build.0 = Release|Any CPU
		{318F865A-DBC4-4EDB-B3A9-2ECD9123F32D}.Release|x64.ActiveCfg = Release|Any CPU
		{318F865A-DBC4-4EDB-B3A9-2ECD9123F32D}.Release|x64.Build.0 = Release|Any CPU
		{318F865A-DBC4-4EDB-B3A9-2ECD9123F32D}.Release|x86.ActiveCfg = Release|Any CPU
		{318F865A-DBC4-4EDB-B3A9-2ECD9123F32D}.Release|x86.Build.0 = Release|Any CPU
		{C92A829D-349D-4876-B1EF-3158F12FB974}.Debug|Any CPU.ActiveCfg = Debug|Any CPU
		{C92A829D-349D-4876-B1EF-3158F12FB974}.Debug|Any CPU.Build.0 = Debug|Any CPU
		{C92A829D-349D-4876-B1EF-3158F12FB974}.Debug|x64.ActiveCfg = Debug|x64
		{C92A829D-349D-4876-B1EF-3158F12FB974}.Debug|x64.Build.0 = Debug|x64
		{C92A829D-349D-4876-B1EF-3158F12FB974}.Debug|x86.ActiveCfg = Debug|Any CPU
		{C92A829D-349D-4876-B1EF-3158F12FB974}.Debug|x86.Build.0 = Debug|Any CPU
		{C92A829D-349D-4876-B1EF-3158F12FB974}.Release|Any CPU.ActiveCfg = Release|Any CPU
		{C92A829D-349D-4876-B1EF-3158F12FB974}.Release|Any CPU.Build.0 = Release|Any CPU
		{C92A829D-349D-4876-B1EF-3158F12FB974}.Release|x64.ActiveCfg = Release|x64
		{C92A829D-349D-4876-B1EF-3158F12FB974}.Release|x64.Build.0 = Release|x64
		{C92A829D-349D-4876-B1EF-3158F12FB974}.Release|x86.ActiveCfg = Release|Any CPU
		{C92A829D-349D-4876-B1EF-3158F12FB974}.Release|x86.Build.0 = Release|Any CPU
		{8F389DCF-01C6-43E9-A667-D6D890FB2423}.Debug|Any CPU.ActiveCfg = Debug|Any CPU
		{8F389DCF-01C6-43E9-A667-D6D890FB2423}.Debug|Any CPU.Build.0 = Debug|Any CPU
		{8F389DCF-01C6-43E9-A667-D6D890FB2423}.Debug|x64.ActiveCfg = Debug|Any CPU
		{8F389DCF-01C6-43E9-A667-D6D890FB2423}.Debug|x64.Build.0 = Debug|Any CPU
		{8F389DCF-01C6-43E9-A667-D6D890FB2423}.Debug|x86.ActiveCfg = Debug|Any CPU
		{8F389DCF-01C6-43E9-A667-D6D890FB2423}.Debug|x86.Build.0 = Debug|Any CPU
		{8F389DCF-01C6-43E9-A667-D6D890FB2423}.Release|Any CPU.ActiveCfg = Release|Any CPU
		{8F389DCF-01C6-43E9-A667-D6D890FB2423}.Release|Any CPU.Build.0 = Release|Any CPU
		{8F389DCF-01C6-43E9-A667-D6D890FB2423}.Release|x64.ActiveCfg = Release|Any CPU
		{8F389DCF-01C6-43E9-A667-D6D890FB2423}.Release|x64.Build.0 = Release|Any CPU
		{8F389DCF-01C6-43E9-A667-D6D890FB2423}.Release|x86.ActiveCfg = Release|Any CPU
		{8F389DCF-01C6-43E9-A667-D6D890FB2423}.Release|x86.Build.0 = Release|Any CPU
		{5E94EE90-00BC-43A6-B944-3C2493210D8C}.Debug|Any CPU.ActiveCfg = Debug|Any CPU
		{5E94EE90-00BC-43A6-B944-3C2493210D8C}.Debug|Any CPU.Build.0 = Debug|Any CPU
		{5E94EE90-00BC-43A6-B944-3C2493210D8C}.Debug|x64.ActiveCfg = Debug|Any CPU
		{5E94EE90-00BC-43A6-B944-3C2493210D8C}.Debug|x64.Build.0 = Debug|Any CPU
		{5E94EE90-00BC-43A6-B944-3C2493210D8C}.Debug|x86.ActiveCfg = Debug|Any CPU
		{5E94EE90-00BC-43A6-B944-3C2493210D8C}.Debug|x86.Build.0 = Debug|Any CPU
		{5E94EE90-00BC-43A6-B944-3C2493210D8C}.Release|Any CPU.ActiveCfg = Release|Any CPU
		{5E94EE90-00BC-43A6-B944-3C2493210D8C}.Release|Any CPU.Build.0 = Release|Any CPU
		{5E94EE90-00BC-43A6-B944-3C2493210D8C}.Release|x64.ActiveCfg = Release|Any CPU
		{5E94EE90-00BC-43A6-B944-3C2493210D8C}.Release|x64.Build.0 = Release|Any CPU
		{5E94EE90-00BC-43A6-B944-3C2493210D8C}.Release|x86.ActiveCfg = Release|Any CPU
		{5E94EE90-00BC-43A6-B944-3C2493210D8C}.Release|x86.Build.0 = Release|Any CPU
		{9F8BBA98-E597-4A02-9CBC-0AF445BF1AF2}.Debug|Any CPU.ActiveCfg = Debug|Any CPU
		{9F8BBA98-E597-4A02-9CBC-0AF445BF1AF2}.Debug|Any CPU.Build.0 = Debug|Any CPU
		{9F8BBA98-E597-4A02-9CBC-0AF445BF1AF2}.Debug|x64.ActiveCfg = Debug|Any CPU
		{9F8BBA98-E597-4A02-9CBC-0AF445BF1AF2}.Debug|x64.Build.0 = Debug|Any CPU
		{9F8BBA98-E597-4A02-9CBC-0AF445BF1AF2}.Debug|x86.ActiveCfg = Debug|Any CPU
		{9F8BBA98-E597-4A02-9CBC-0AF445BF1AF2}.Debug|x86.Build.0 = Debug|Any CPU
		{9F8BBA98-E597-4A02-9CBC-0AF445BF1AF2}.Release|Any CPU.ActiveCfg = Release|Any CPU
		{9F8BBA98-E597-4A02-9CBC-0AF445BF1AF2}.Release|Any CPU.Build.0 = Release|Any CPU
		{9F8BBA98-E597-4A02-9CBC-0AF445BF1AF2}.Release|x64.ActiveCfg = Release|Any CPU
		{9F8BBA98-E597-4A02-9CBC-0AF445BF1AF2}.Release|x64.Build.0 = Release|Any CPU
		{9F8BBA98-E597-4A02-9CBC-0AF445BF1AF2}.Release|x86.ActiveCfg = Release|Any CPU
		{9F8BBA98-E597-4A02-9CBC-0AF445BF1AF2}.Release|x86.Build.0 = Release|Any CPU
		{2A510C46-4B93-49F9-844E-F4DE39808591}.Debug|Any CPU.ActiveCfg = Debug|Any CPU
		{2A510C46-4B93-49F9-844E-F4DE39808591}.Debug|Any CPU.Build.0 = Debug|Any CPU
		{2A510C46-4B93-49F9-844E-F4DE39808591}.Debug|x64.ActiveCfg = Debug|Any CPU
		{2A510C46-4B93-49F9-844E-F4DE39808591}.Debug|x64.Build.0 = Debug|Any CPU
		{2A510C46-4B93-49F9-844E-F4DE39808591}.Debug|x86.ActiveCfg = Debug|Any CPU
		{2A510C46-4B93-49F9-844E-F4DE39808591}.Debug|x86.Build.0 = Debug|Any CPU
		{2A510C46-4B93-49F9-844E-F4DE39808591}.Release|Any CPU.ActiveCfg = Release|Any CPU
		{2A510C46-4B93-49F9-844E-F4DE39808591}.Release|Any CPU.Build.0 = Release|Any CPU
		{2A510C46-4B93-49F9-844E-F4DE39808591}.Release|x64.ActiveCfg = Release|Any CPU
		{2A510C46-4B93-49F9-844E-F4DE39808591}.Release|x64.Build.0 = Release|Any CPU
		{2A510C46-4B93-49F9-844E-F4DE39808591}.Release|x86.ActiveCfg = Release|Any CPU
		{2A510C46-4B93-49F9-844E-F4DE39808591}.Release|x86.Build.0 = Release|Any CPU
		{FA241141-1A5C-407B-965C-110A67B15FB2}.Debug|Any CPU.ActiveCfg = Debug|Any CPU
		{FA241141-1A5C-407B-965C-110A67B15FB2}.Debug|Any CPU.Build.0 = Debug|Any CPU
		{FA241141-1A5C-407B-965C-110A67B15FB2}.Debug|x64.ActiveCfg = Debug|Any CPU
		{FA241141-1A5C-407B-965C-110A67B15FB2}.Debug|x64.Build.0 = Debug|Any CPU
		{FA241141-1A5C-407B-965C-110A67B15FB2}.Debug|x86.ActiveCfg = Debug|Any CPU
		{FA241141-1A5C-407B-965C-110A67B15FB2}.Debug|x86.Build.0 = Debug|Any CPU
		{FA241141-1A5C-407B-965C-110A67B15FB2}.Release|Any CPU.ActiveCfg = Release|Any CPU
		{FA241141-1A5C-407B-965C-110A67B15FB2}.Release|Any CPU.Build.0 = Release|Any CPU
		{FA241141-1A5C-407B-965C-110A67B15FB2}.Release|x64.ActiveCfg = Release|Any CPU
		{FA241141-1A5C-407B-965C-110A67B15FB2}.Release|x64.Build.0 = Release|Any CPU
		{FA241141-1A5C-407B-965C-110A67B15FB2}.Release|x86.ActiveCfg = Release|Any CPU
		{FA241141-1A5C-407B-965C-110A67B15FB2}.Release|x86.Build.0 = Release|Any CPU
		{E4328801-B20D-4190-B73C-46EC31F682DD}.Debug|Any CPU.ActiveCfg = Debug|Any CPU
		{E4328801-B20D-4190-B73C-46EC31F682DD}.Debug|Any CPU.Build.0 = Debug|Any CPU
		{E4328801-B20D-4190-B73C-46EC31F682DD}.Debug|x64.ActiveCfg = Debug|Any CPU
		{E4328801-B20D-4190-B73C-46EC31F682DD}.Debug|x64.Build.0 = Debug|Any CPU
		{E4328801-B20D-4190-B73C-46EC31F682DD}.Debug|x86.ActiveCfg = Debug|Any CPU
		{E4328801-B20D-4190-B73C-46EC31F682DD}.Debug|x86.Build.0 = Debug|Any CPU
		{E4328801-B20D-4190-B73C-46EC31F682DD}.Release|Any CPU.ActiveCfg = Release|Any CPU
		{E4328801-B20D-4190-B73C-46EC31F682DD}.Release|Any CPU.Build.0 = Release|Any CPU
		{E4328801-B20D-4190-B73C-46EC31F682DD}.Release|x64.ActiveCfg = Release|Any CPU
		{E4328801-B20D-4190-B73C-46EC31F682DD}.Release|x64.Build.0 = Release|Any CPU
		{E4328801-B20D-4190-B73C-46EC31F682DD}.Release|x86.ActiveCfg = Release|Any CPU
		{E4328801-B20D-4190-B73C-46EC31F682DD}.Release|x86.Build.0 = Release|Any CPU
	EndGlobalSection
	GlobalSection(SolutionProperties) = preSolution
		HideSolutionNode = FALSE
	EndGlobalSection
	GlobalSection(NestedProjects) = preSolution
		{318F865A-DBC4-4EDB-B3A9-2ECD9123F32D} = {4312BD19-FB0B-E54B-B079-527CC7C72674}
		{8F389DCF-01C6-43E9-A667-D6D890FB2423} = {8ACE04B0-692B-EBCF-8047-C7A430ED7C30}
		{5E94EE90-00BC-43A6-B944-3C2493210D8C} = {480098C0-8FE9-3DD8-F4AE-6496AE6F0B23}
		{9F8BBA98-E597-4A02-9CBC-0AF445BF1AF2} = {F826CE98-5599-4EBC-4979-772FBCE1CF10}
		{2A510C46-4B93-49F9-844E-F4DE39808591} = {BC49ABE2-6367-BF94-1720-B143A89108A5}
		{FA241141-1A5C-407B-965C-110A67B15FB2} = {00F774B1-EC90-57BA-4DEB-210A7745FD9A}
		{E4328801-B20D-4190-B73C-46EC31F682DD} = {3D471990-9494-D8E7-5987-1C2987FAC4D0}
	EndGlobalSection
EndGlobal
